PODS:
  - FLAnimatedImage (1.0.12)
  - Masonry (1.1.0)
  - MJExtension (3.2.2)
  - MJRefresh (3.5.0)
  - YYCache (1.0.4)
  - YYImage (1.0.4):
    - YYImage/Core (= 1.0.4)
  - YYImage/Core (1.0.4)
  - YYWebImage (1.0.5):
    - YYCache
    - YYImage

DEPENDENCIES:
  - FLAnimatedImage
  - Masonry
  - MJExtension
  - MJRefresh
  - YYWebImage

SPEC REPOS:
  trunk:
    - FLAnimatedImage
    - Masonry
    - MJExtension
    - MJRefresh
    - YYCache
    - YYImage
    - YYWebImage

SPEC CHECKSUMS:
  FLAnimatedImage: 4a0b56255d9b05f18b6dd7ee06871be5d3b89e31
  Masonry: 678fab65091a9290e40e2832a55e7ab731aad201
  MJExtension: d9b9c74cbdeb724c1e9ecbb157b318276e62e876
  MJRefresh: 6afc955813966afb08305477dd7a0d9ad5e79a16
  YYCache: 8105b6638f5e849296c71f331ff83891a4942952
  YYImage: 1e1b62a9997399593e4b9c4ecfbbabbf1d3f3b54
  YYWebImage: 5f7f36aee2ae293f016d418c7d6ba05c4863e928

PODFILE CHECKSUM: 906fff930c0b86d2557a73cbd8a9de841d4de75e

COCOAPODS: 1.9.0
